
Microsoft Visual Studio Solution File, Format Version 12.00
# Visual Studio 14
VisualStudioVersion = 14.0.25420.1
MinimumVisualStudioVersion = 10.0.40219.1
Project("{FAE04EC0-301F-11D3-BF4B-00C04F79EFBC}") = "MasteringDebugging", "MasteringDebugging\MasteringDebugging.csproj", "{DD2B66B1-D8B5-463B-8419-2E0400B50BDB}"
EndProject
Project("{2150E333-8FDC-42A3-9474-1A3956D46DE8}") = "Documents", "Documents", "{5CEAE0A4-4B55-4689-A458-EBCD7429B326}"
	ProjectSection(SolutionItems) = preProject
		presentation.md = presentation.md
	EndProjectSection
EndProject
Global
	GlobalSection(SolutionConfigurationPlatforms) = preSolution
		Debug|Any CPU = Debug|Any CPU
		Release|Any CPU = Release|Any CPU
	EndGlobalSection
	GlobalSection(ProjectConfigurationPlatforms) = postSolution
		{DD2B66B1-D8B5-463B-8419-2E0400B50BDB}.Debug|Any CPU.ActiveCfg = Debug|Any CPU
		{DD2B66B1-D8B5-463B-8419-2E0400B50BDB}.Debug|Any CPU.Build.0 = Debug|Any CPU
		{DD2B66B1-D8B5-463B-8419-2E0400B50BDB}.Release|Any CPU.ActiveCfg = Release|Any CPU
		{DD2B66B1-D8B5-463B-8419-2E0400B50BDB}.Release|Any CPU.Build.0 = Release|Any CPU
	EndGlobalSection
	GlobalSection(SolutionProperties) = preSolution
		HideSolutionNode = FALSE
	EndGlobalSection
EndGlobal
